
Microsoft Visual Studio Solution File, Format Version 12.00
# Visual Studio 15
VisualStudioVersion = 15.0.27004.2009
MinimumVisualStudioVersion = 10.0.40219.1
Project("{FAE04EC0-301F-11D3-BF4B-00C04F79EFBC}") = "CityInfoAPI", "CityInfoAPI\CityInfoAPI.csproj", "{7551E728-4E2D-45FE-A146-F2F199881FA8}"
EndProject
Global
	GlobalSection(SolutionConfigurationPlatforms) = preSolution
		Debug|Any CPU = Debug|Any CPU
		Release|Any CPU = Release|Any CPU
	EndGlobalSection
	GlobalSection(ProjectConfigurationPlatforms) = postSolution
		{7551E728-4E2D-45FE-A146-F2F199881FA8}.Debug|Any CPU.ActiveCfg = Debug|Any CPU
		{7551E728-4E2D-45FE-A146-F2F199881FA8}.Debug|Any CPU.Build.0 = Debug|Any CPU
		{7551E728-4E2D-45FE-A146-F2F199881FA8}.Release|Any CPU.ActiveCfg = Release|Any CPU
		{7551E728-4E2D-45FE-A146-F2F199881FA8}.Release|Any CPU.Build.0 = Release|Any CPU
	EndGlobalSection
	GlobalSection(SolutionProperties) = preSolution
		HideSolutionNode = FALSE
	EndGlobalSection
	GlobalSection(ExtensibilityGlobals) = postSolution
		SolutionGuid = {EE34F2B4-9B35-446C-9D42-EABAA29D3A13}
	EndGlobalSection
EndGlobal
